
Microsoft Visual Studio Solution File, Format Version 12.00
# Visual Studio Version 17
VisualStudioVersion = 17.8.34316.72
MinimumVisualStudioVersion = 10.0.40219.1
Project("{FAE04EC0-301F-11D3-BF4B-00C04F79EFBC}") = "NZWalks.API", "NZWalks.API\NZWalks.API.csproj", "{FDE7C587-D58E-4391-A601-FBB73CC93AE1}"
EndProject
Global
	GlobalSection(SolutionConfigurationPlatforms) = preSolution
		Debug|Any CPU = Debug|Any CPU
		Release|Any CPU = Release|Any CPU
	EndGlobalSection
	GlobalSection(ProjectConfigurationPlatforms) = postSolution
		{FDE7C587-D58E-4391-A601-FBB73CC93AE1}.Debug|Any CPU.ActiveCfg = Debug|Any CPU
		{FDE7C587-D58E-4391-A601-FBB73CC93AE1}.Debug|Any CPU.Build.0 = Debug|Any CPU
		{FDE7C587-D58E-4391-A601-FBB73CC93AE1}.Release|Any CPU.ActiveCfg = Release|Any CPU
		{FDE7C587-D58E-4391-A601-FBB73CC93AE1}.Release|Any CPU.Build.0 = Release|Any CPU
	EndGlobalSection
	GlobalSection(SolutionProperties) = preSolution
		HideSolutionNode = FALSE
	EndGlobalSection
	GlobalSection(ExtensibilityGlobals) = postSolution
		SolutionGuid = {FCA0D353-910F-474D-AD1A-D044256EACD0}
	EndGlobalSection
EndGlobal
